// !$*UTF8*$!
{
	archiveVersion = 1;
	classes = {
	};
	objectVersion = 46;
	objects = {

/* Begin PBXBuildFile section */
		A99663651D06F877003B5EEE /* AppDelegate.swift in Sources */ = {isa = PBXBuildFile; fileRef = A99663641D06F877003B5EEE /* AppDelegate.swift */; };
		A99663671D06F877003B5EEE /* ViewController.swift in Sources */ = {isa = PBXBuildFile; fileRef = A99663661D06F877003B5EEE /* ViewController.swift */; };
		A996636A1D06F877003B5EEE /* Main.storyboard in Resources */ = {isa = PBXBuildFile; fileRef = A99663681D06F877003B5EEE /* Main.storyboard */; };
		A996636C1D06F877003B5EEE /* Assets.xcassets in Resources */ = {isa = PBXBuildFile; fileRef = A996636B1D06F877003B5EEE /* Assets.xcassets */; };
		A996636F1D06F877003B5EEE /* LaunchScreen.storyboard in Resources */ = {isa = PBXBuildFile; fileRef = A996636D1D06F877003B5EEE /* LaunchScreen.storyboard */; };
/* End PBXBuildFile section */

/* Begin PBXFileReference section */
		A99663611D06F877003B5EEE /* linphone-trial.app */ = {isa = PBXFileReference; explicitFileType = wrapper.application; includeInIndex = 0; path = "linphone-trial.app"; sourceTree = BUILT_PRODUCTS_DIR; };
		A99663641D06F877003B5EEE /* AppDelegate.swift */ = {isa = PBXFileReference; lastKnownFileType = sourcecode.swift; path = AppDelegate.swift; sourceTree = "<group>"; };
		A99663661D06F877003B5EEE /* ViewController.swift */ = {isa = PBXFileReference; lastKnownFileType = sourcecode.swift; path = ViewController.swift; sourceTree = "<group>"; };
		A99663691D06F877003B5EEE /* Base */ = {isa = PBXFileReference; lastKnownFileType = file.storyboard; name = Base; path = Base.lproj/Main.storyboard; sourceTree = "<group>"; };
		A996636B1D06F877003B5EEE /* Assets.xcassets */ = {isa = PBXFileReference; lastKnownFileType = folder.assetcatalog; path = Assets.xcassets; sourceTree = "<group>"; };
		A996636E1D06F877003B5EEE /* Base */ = {isa = PBXFileReference; lastKnownFileType = file.storyboard; name = Base; path = Base.lproj/LaunchScreen.storyboard; sourceTree = "<group>"; };
		A99663701D06F877003B5EEE /* Info.plist */ = {isa = PBXFileReference; lastKnownFileType = text.plist.xml; path = Info.plist; sourceTree = "<group>"; };
/* End PBXFileReference section */

/* Begin PBXFrameworksBuildPhase section */
		A996635E1D06F877003B5EEE /* Frameworks */ = {
			isa = PBXFrameworksBuildPhase;
			buildActionMask = 2147483647;
			files = (
			);
			runOnlyForDeploymentPostprocessing = 0;
		};
/* End PBXFrameworksBuildPhase section */

/* Begin PBXGroup section */
		A99663581D06F877003B5EEE = {
			isa = PBXGroup;
			children = (
				A99663631D06F877003B5EEE /* linphone-trial */,
				A99663621D06F877003B5EEE /* Products */,
			);
			sourceTree = "<group>";
		};
		A99663621D06F877003B5EEE /* Products */ = {
			isa = PBXGroup;
			children = (
				A99663611D06F877003B5EEE /* linphone-trial.app */,
			);
			name = Products;
			sourceTree = "<group>";
		};
		A99663631D06F877003B5EEE /* linphone-trial */ = {
			isa = PBXGroup;
			children = (
				A99663641D06F877003B5EEE /* AppDelegate.swift */,
				A99663661D06F877003B5EEE /* ViewController.swift */,
				A99663681D06F877003B5EEE /* Main.storyboard */,
				A996636B1D06F877003B5EEE /* Assets.xcassets */,
				A996636D1D06F877003B5EEE /* LaunchScreen.storyboard */,
				A99663701D06F877003B5EEE /* Info.plist */,
			);
			path = "linphone-trial";
			sourceTree = "<group>";
		};
/* End PBXGroup section */

/* Begin PBXNativeTarget section */
		A99663601D06F877003B5EEE /* linphone-trial */ = {
			isa = PBXNativeTarget;
			buildConfigurationList = A99663731D06F877003B5EEE /* Build configuration list for PBXNativeTarget "linphone-trial" */;
			buildPhases = (
				A996635D1D06F877003B5EEE /* Sources */,
				A996635E1D06F877003B5EEE /* Frameworks */,
				A996635F1D06F877003B5EEE /* Resources */,
			);
			buildRules = (
			);
			dependencies = (
			);
			name = "linphone-trial";
			productName = "linphone-trial";
			productReference = A99663611D06F877003B5EEE /* linphone-trial.app */;
			productType = "com.apple.product-type.application";
		};
/* End PBXNativeTarget section */

/* Begin PBXProject section */
		A99663591D06F877003B5EEE /* Project object */ = {
			isa = PBXProject;
			attributes = {
				LastSwiftUpdateCheck = 0730;
				LastUpgradeCheck = 0730;
				ORGANIZATIONNAME = WiAdvance;
				TargetAttributes = {
					A99663601D06F877003B5EEE = {
						CreatedOnToolsVersion = 7.3.1;
					};
				};
			};
			buildConfigurationList = A996635C1D06F877003B5EEE /* Build configuration list for PBXProject "linphone-trial" */;
			compatibilityVersion = "Xcode 3.2";
			developmentRegion = English;
			hasScannedForEncodings = 0;
			knownRegions = (
				en,
				Base,
			);
			mainGroup = A99663581D06F877003B5EEE;
			productRefGroup = A99663621D06F877003B5EEE /* Products */;
			projectDirPath = "";
			projectRoot = "";
			targets = (
				A99663601D06F877003B5EEE /* linphone-trial */,
			);
		};
/* End PBXProject section */

/* Begin PBXResourcesBuildPhase section */
		A996635F1D06F877003B5EEE /* Resources */ = {
			isa = PBXResourcesBuildPhase;
			buildActionMask = 2147483647;
			files = (
				A996636F1D06F877003B5EEE /* LaunchScreen.storyboard in Resources */,
				A996636C1D06F877003B5EEE /* Assets.xcassets in Resources */,
				A996636A1D06F877003B5EEE /* Main.storyboard in Resources */,
			);
			runOnlyForDeploymentPostprocessing = 0;
		};
/* End PBXResourcesBuildPhase section */

/* Begin PBXSourcesBuildPhase section */
		A996635D1D06F877003B5EEE /* Sources */ = {
			isa = PBXSourcesBuildPhase;
			buildActionMask = 2147483647;
			files = (
				A99663671D06F877003B5EEE /* ViewController.swift in Sources */,
				A99663651D06F877003B5EEE /* AppDelegate.swift in Sources */,
			);
			runOnlyForDeploymentPostprocessing = 0;
		};
/* End PBXSourcesBuildPhase section */

/* Begin PBXVariantGroup section */
		A99663681D06F877003B5EEE /* Main.storyboard */ = {
			isa = PBXVariantGroup;
			children = (
				A99663691D06F877003B5EEE /* Base */,
			);
			name = Main.storyboard;
			sourceTree = "<group>";
		};
		A996636D1D06F877003B5EEE /* LaunchScreen.storyboard */ = {
			isa = PBXVariantGroup;
			children = (
				A996636E1D06F877003B5EEE /* Base */,
			);
			name = LaunchScreen.storyboard;
			sourceTree = "<group>";
		};
/* End PBXVariantGroup section */

/* Begin XCBuildConfiguration section */
		A99663711D06F877003B5EEE /* Debug */ = {
			isa = XCBuildConfiguration;
			buildSettings = {
				ALWAYS_SEARCH_USER_PATHS = NO;
				CLANG_ANALYZER_NONNULL = YES;
				CLANG_CXX_LANGUAGE_STANDARD = "gnu++0x";
				CLANG_CXX_LIBRARY = "libc++";
				CLANG_ENABLE_MODULES = YES;
				CLANG_ENABLE_OBJC_ARC = YES;
				CLANG_WARN_BOOL_CONVERSION = YES;
				CLANG_WARN_CONSTANT_CONVERSION = YES;
				CLANG_WARN_DIRECT_OBJC_ISA_USAGE = YES_ERROR;
				CLANG_WARN_EMPTY_BODY = YES;
				CLANG_WARN_ENUM_CONVERSION = YES;
				CLANG_WARN_INT_CONVERSION = YES;
				CLANG_WARN_OBJC_ROOT_CLASS = YES_ERROR;
				CLANG_WARN_UNREACHABLE_CODE = YES;
				CLANG_WARN__DUPLICATE_METHOD_MATCH = YES;
				"CODE_SIGN_IDENTITY[sdk=iphoneos*]" = "iPhone Developer";
				COPY_PHASE_STRIP = NO;
				DEBUG_INFORMATION_FORMAT = dwarf;
				ENABLE_STRICT_OBJC_MSGSEND = YES;
				ENABLE_TESTABILITY = YES;
				GCC_C_LANGUAGE_STANDARD = gnu99;
				GCC_DYNAMIC_NO_PIC = NO;
				GCC_NO_COMMON_BLOCKS = YES;
				GCC_OPTIMIZATION_LEVEL = 0;
				GCC_PREPROCESSOR_DEFINITIONS = (
					"DEBUG=1",
					"$(inherited)",
				);
				GCC_WARN_64_TO_32_BIT_CONVERSION = YES;
				GCC_WARN_ABOUT_RETURN_TYPE = YES_ERROR;
				GCC_WARN_UNDECLARED_SELECTOR = YES;
				GCC_WARN_UNINITIALIZED_AUTOS = YES_AGGRESSIVE;
				GCC_WARN_UNUSED_FUNCTION = YES;
				GCC_WARN_UNUSED_VARIABLE = YES;
				IPHONEOS_DEPLOYMENT_TARGET = 9.3;
				MTL_ENABLE_DEBUG_INFO = YES;
				ONLY_ACTIVE_ARCH = YES;
				SDKROOT = iphoneos;
				SWIFT_OPTIMIZATION_LEVEL = "-Onone";
				TARGETED_DEVICE_FAMILY = "1,2";
			};
			name = Debug;
		};
		A99663721D06F877003B5EEE /* Release */ = {
			isa = XCBuildConfiguration;
			buildSettings = {
				ALWAYS_SEARCH_USER_PATHS = NO;
				CLANG_ANALYZER_NONNULL = YES;
				CLANG_CXX_LANGUAGE_STANDARD = "gnu++0x";
				CLANG_CXX_LIBRARY = "libc++";
				CLANG_ENABLE_MODULES = YES;
				CLANG_ENABLE_OBJC_ARC = YES;
				CLANG_WARN_BOOL_CONVERSION = YES;
				CLANG_WARN_CONSTANT_CONVERSION = YES;
				CLANG_WARN_DIRECT_OBJC_ISA_USAGE = YES_ERROR;
				CLANG_WARN_EMPTY_BODY = YES;
				CLANG_WARN_ENUM_CONVERSION = YES;
				CLANG_WARN_INT_CONVERSION = YES;
				CLANG_WARN_OBJC_ROOT_CLASS = YES_ERROR;
				CLANG_WARN_UNREACHABLE_CODE = YES;
				CLANG_WARN__DUPLICATE_METHOD_MATCH = YES;
				"CODE_SIGN_IDENTITY[sdk=iphoneos*]" = "iPhone Developer";
				COPY_PHASE_STRIP = NO;
				DEBUG_INFORMATION_FORMAT = "dwarf-with-dsym";
				ENABLE_NS_ASSERTIONS = NO;
				ENABLE_STRICT_OBJC_MSGSEND = YES;
				GCC_C_LANGUAGE_STANDARD = gnu99;
				GCC_NO_COMMON_BLOCKS = YES;
				GCC_WARN_64_TO_32_BIT_CONVERSION = YES;
				GCC_WARN_ABOUT_RETURN_TYPE = YES_ERROR;
				GCC_WARN_UNDECLARED_SELECTOR = YES;
				GCC_WARN_UNINITIALIZED_AUTOS = YES_AGGRESSIVE;
				GCC_WARN_UNUSED_FUNCTION = YES;
				GCC_WARN_UNUSED_VARIABLE = YES;
				IPHONEOS_DEPLOYMENT_TARGET = 9.3;
				MTL_ENABLE_DEBUG_INFO = NO;
				SDKROOT = iphoneos;
				TARGETED_DEVICE_FAMILY = "1,2";
				VALIDATE_PRODUCT = YES;
			};
			name = Release;
		};
		A99663741D06F877003B5EEE /* Debug */ = {
			isa = XCBuildConfiguration;
			buildSettings = {
				ASSETCATALOG_COMPILER_APPICON_NAME = AppIcon;
				INFOPLIST_FILE = "linphone-trial/Info.plist";
				LD_RUNPATH_SEARCH_PATHS = "$(inherited) @executable_path/Frameworks";
				PRODUCT_BUNDLE_IDENTIFIER = "com.wiadvance.linphone-trial";
				PRODUCT_NAME = "$(TARGET_NAME)";
			};
			name = Debug;
		};
		A99663751D06F877003B5EEE /* Release */ = {
			isa = XCBuildConfiguration;
			buildSettings = {
				ASSETCATALOG_COMPILER_APPICON_NAME = AppIcon;
				INFOPLIST_FILE = "linphone-trial/Info.plist";
				LD_RUNPATH_SEARCH_PATHS = "$(inherited) @executable_path/Frameworks";
				PRODUCT_BUNDLE_IDENTIFIER = "com.wiadvance.linphone-trial";
				PRODUCT_NAME = "$(TARGET_NAME)";
			};
			name = Release;
		};
/* End XCBuildConfiguration section */

/* Begin XCConfigurationList section */
		A996635C1D06F877003B5EEE /* Build configuration list for PBXProject "linphone-trial" */ = {
			isa = XCConfigurationList;
			buildConfigurations = (
				A99663711D06F877003B5EEE /* Debug */,
				A99663721D06F877003B5EEE /* Release */,
			);
			defaultConfigurationIsVisible = 0;
			defaultConfigurationName = Release;
		};
		A99663731D06F877003B5EEE /* Build configuration list for PBXNativeTarget "linphone-trial" */ = {
			isa = XCConfigurationList;
			buildConfigurations = (
				A99663741D06F877003B5EEE /* Debug */,
				A99663751D06F877003B5EEE /* Release */,
			);
			defaultConfigurationIsVisible = 0;
		};
/* End XCConfigurationList section */
	};
	rootObject = A99663591D06F877003B5EEE /* Project object */;
}
